
Microsoft Visual Studio Solution File, Format Version 12.00
# Visual Studio 15
Project("{FAE04EC0-301F-11D3-BF4B-00C04F79EFBC}") = "Assembly-CSharp", "Assembly-CSharp.csproj", "{7DC43AFA-D405-DE8E-5F7C-B20DFE9CE461}"
EndProject
Project("{FAE04EC0-301F-11D3-BF4B-00C04F79EFBC}") = "Assembly-CSharp-Editor", "Assembly-CSharp-Editor.csproj", "{0AEABA20-C60C-48E5-BD46-7B744153B917}"
EndProject
Global
	GlobalSection(SolutionConfigurationPlatforms) = preSolution
		Debug|Any CPU = Debug|Any CPU
		Release|Any CPU = Release|Any CPU
	EndGlobalSection
	GlobalSection(ProjectConfigurationPlatforms) = postSolution
		{7DC43AFA-D405-DE8E-5F7C-B20DFE9CE461}.Debug|Any CPU.ActiveCfg = Debug|Any CPU
		{7DC43AFA-D405-DE8E-5F7C-B20DFE9CE461}.Debug|Any CPU.Build.0 = Debug|Any CPU
		{7DC43AFA-D405-DE8E-5F7C-B20DFE9CE461}.Release|Any CPU.ActiveCfg = Release|Any CPU
		{7DC43AFA-D405-DE8E-5F7C-B20DFE9CE461}.Release|Any CPU.Build.0 = Release|Any CPU
		{0AEABA20-C60C-48E5-BD46-7B744153B917}.Debug|Any CPU.ActiveCfg = Debug|Any CPU
		{0AEABA20-C60C-48E5-BD46-7B744153B917}.Debug|Any CPU.Build.0 = Debug|Any CPU
		{0AEABA20-C60C-48E5-BD46-7B744153B917}.Release|Any CPU.ActiveCfg = Release|Any CPU
		{0AEABA20-C60C-48E5-BD46-7B744153B917}.Release|Any CPU.Build.0 = Release|Any CPU
	EndGlobalSection
	GlobalSection(SolutionProperties) = preSolution
		HideSolutionNode = FALSE
	EndGlobalSection
	GlobalSection(MonoDevelopProperties) = preSolution
		StartupItem = Assembly-CSharp.csproj
	EndGlobalSection
EndGlobal
